
Microsoft Visual Studio Solution File, Format Version 12.00
# Visual Studio Version 17
VisualStudioVersion = 17.13.35806.99
MinimumVisualStudioVersion = 10.0.40219.1
Project("{2150E333-8FDC-42A3-9474-1A3956D46DE8}") = "API", "API", "{02EA681E-C7D8-13C7-8484-4AC65E1B71E8}"
EndProject
Project("{2150E333-8FDC-42A3-9474-1A3956D46DE8}") = "Application", "Application", "{7F254995-FC95-4ED3-B3AF-3516705CBB84}"
EndProject
Project("{2150E333-8FDC-42A3-9474-1A3956D46DE8}") = "Core", "Core", "{CE45EBAE-7C21-4CC2-84C3-D727FB93418B}"
EndProject
Project("{2150E333-8FDC-42A3-9474-1A3956D46DE8}") = "Infraestructure", "Infraestructure", "{90B50770-C7E4-46DB-AC02-910646DD5827}"
EndProject
Project("{2150E333-8FDC-42A3-9474-1A3956D46DE8}") = "IOC", "IOC", "{0F9D0A6D-EC60-4085-A7AD-EB3110FE2F64}"
EndProject
Project("{2150E333-8FDC-42A3-9474-1A3956D46DE8}") = "Test", "Test", "{1233AE98-DA66-48FB-BA3B-CF389C30A12D}"
EndProject
Project("{2150E333-8FDC-42A3-9474-1A3956D46DE8}") = "Web", "Web", "{9A7C8E42-7F80-4C5E-A12A-938047F179D9}"
EndProject
Project("{FAE04EC0-301F-11D3-BF4B-00C04F79EFBC}") = "SGHR.Domain", "SGHR.Domain\SGHR.Domain.csproj", "{2973D1D7-8083-4354-91DE-786B8A52AF7F}"
EndProject
Project("{FAE04EC0-301F-11D3-BF4B-00C04F79EFBC}") = "SGRH.Model", "SGRH.Model\SGRH.Model.csproj", "{5DE889D5-A890-4EED-9E91-A8F257C3899B}"
EndProject
Project("{FAE04EC0-301F-11D3-BF4B-00C04F79EFBC}") = "SGHR.Infraestructure", "SGHR.Infraestructure\SGHR.Infraestructure.csproj", "{1C8DBB51-3FED-46B4-A693-D987BD8565D2}"
EndProject
Project("{FAE04EC0-301F-11D3-BF4B-00C04F79EFBC}") = "SGHR.Persistence", "SGHR.Persistence\SGHR.Persistence.csproj", "{69A43890-6E32-4CED-A2D8-FD21ECC8FF73}"
EndProject
Project("{FAE04EC0-301F-11D3-BF4B-00C04F79EFBC}") = "SGHR.IOC", "SGHR.IOC\SGHR.IOC.csproj", "{1A8740DD-9EEC-431C-95D8-97968545614E}"
EndProject
Project("{FAE04EC0-301F-11D3-BF4B-00C04F79EFBC}") = "SGHR.Application", "SGHR.Application\SGHR.Application.csproj", "{4B0170C5-27FB-438F-AF65-71444058068E}"
EndProject
Project("{FAE04EC0-301F-11D3-BF4B-00C04F79EFBC}") = "SGHR.Api", "SGHR.Api\SGHR.Api.csproj", "{EA7D7232-D39D-40E3-9180-6E0B5E2EEF51}"
EndProject
Project("{FAE04EC0-301F-11D3-BF4B-00C04F79EFBC}") = "SGHR.Web", "SGHR.Web\SGHR.Web.csproj", "{C6BD5EEE-9E45-4C35-977A-745244435B9A}"
EndProject
Project("{FAE04EC0-301F-11D3-BF4B-00C04F79EFBC}") = "SGRH.Application.Test", "SGRH.Application.Test\SGRH.Application.Test.csproj", "{9D495E21-3000-40D0-8DD3-DF06C255D892}"
EndProject
Project("{FAE04EC0-301F-11D3-BF4B-00C04F79EFBC}") = "SGRH.Persistence.Test", "SGRH.Persistence.Test\SGRH.Persistence.Test.csproj", "{05856B5D-6772-4390-8482-09E202E887FE}"
EndProject
Global
	GlobalSection(SolutionConfigurationPlatforms) = preSolution
		Debug|Any CPU = Debug|Any CPU
		Release|Any CPU = Release|Any CPU
	EndGlobalSection
	GlobalSection(ProjectConfigurationPlatforms) = postSolution
		{2973D1D7-8083-4354-91DE-786B8A52AF7F}.Debug|Any CPU.ActiveCfg = Debug|Any CPU
		{2973D1D7-8083-4354-91DE-786B8A52AF7F}.Debug|Any CPU.Build.0 = Debug|Any CPU
		{2973D1D7-8083-4354-91DE-786B8A52AF7F}.Release|Any CPU.ActiveCfg = Release|Any CPU
		{2973D1D7-8083-4354-91DE-786B8A52AF7F}.Release|Any CPU.Build.0 = Release|Any CPU
		{5DE889D5-A890-4EED-9E91-A8F257C3899B}.Debug|Any CPU.ActiveCfg = Debug|Any CPU
		{5DE889D5-A890-4EED-9E91-A8F257C3899B}.Debug|Any CPU.Build.0 = Debug|Any CPU
		{5DE889D5-A890-4EED-9E91-A8F257C3899B}.Release|Any CPU.ActiveCfg = Release|Any CPU
		{5DE889D5-A890-4EED-9E91-A8F257C3899B}.Release|Any CPU.Build.0 = Release|Any CPU
		{1C8DBB51-3FED-46B4-A693-D987BD8565D2}.Debug|Any CPU.ActiveCfg = Debug|Any CPU
		{1C8DBB51-3FED-46B4-A693-D987BD8565D2}.Debug|Any CPU.Build.0 = Debug|Any CPU
		{1C8DBB51-3FED-46B4-A693-D987BD8565D2}.Release|Any CPU.ActiveCfg = Release|Any CPU
		{1C8DBB51-3FED-46B4-A693-D987BD8565D2}.Release|Any CPU.Build.0 = Release|Any CPU
		{69A43890-6E32-4CED-A2D8-FD21ECC8FF73}.Debug|Any CPU.ActiveCfg = Debug|Any CPU
		{69A43890-6E32-4CED-A2D8-FD21ECC8FF73}.Debug|Any CPU.Build.0 = Debug|Any CPU
		{69A43890-6E32-4CED-A2D8-FD21ECC8FF73}.Release|Any CPU.ActiveCfg = Release|Any CPU
		{69A43890-6E32-4CED-A2D8-FD21ECC8FF73}.Release|Any CPU.Build.0 = Release|Any CPU
		{1A8740DD-9EEC-431C-95D8-97968545614E}.Debug|Any CPU.ActiveCfg = Debug|Any CPU
		{1A8740DD-9EEC-431C-95D8-97968545614E}.Debug|Any CPU.Build.0 = Debug|Any CPU
		{1A8740DD-9EEC-431C-95D8-97968545614E}.Release|Any CPU.ActiveCfg = Release|Any CPU
		{1A8740DD-9EEC-431C-95D8-97968545614E}.Release|Any CPU.Build.0 = Release|Any CPU
		{4B0170C5-27FB-438F-AF65-71444058068E}.Debug|Any CPU.ActiveCfg = Debug|Any CPU
		{4B0170C5-27FB-438F-AF65-71444058068E}.Debug|Any CPU.Build.0 = Debug|Any CPU
		{4B0170C5-27FB-438F-AF65-71444058068E}.Release|Any CPU.ActiveCfg = Release|Any CPU
		{4B0170C5-27FB-438F-AF65-71444058068E}.Release|Any CPU.Build.0 = Release|Any CPU
		{EA7D7232-D39D-40E3-9180-6E0B5E2EEF51}.Debug|Any CPU.ActiveCfg = Debug|Any CPU
		{EA7D7232-D39D-40E3-9180-6E0B5E2EEF51}.Debug|Any CPU.Build.0 = Debug|Any CPU
		{EA7D7232-D39D-40E3-9180-6E0B5E2EEF51}.Release|Any CPU.ActiveCfg = Release|Any CPU
		{EA7D7232-D39D-40E3-9180-6E0B5E2EEF51}.Release|Any CPU.Build.0 = Release|Any CPU
		{C6BD5EEE-9E45-4C35-977A-745244435B9A}.Debug|Any CPU.ActiveCfg = Debug|Any CPU
		{C6BD5EEE-9E45-4C35-977A-745244435B9A}.Debug|Any CPU.Build.0 = Debug|Any CPU
		{C6BD5EEE-9E45-4C35-977A-745244435B9A}.Release|Any CPU.ActiveCfg = Release|Any CPU
		{C6BD5EEE-9E45-4C35-977A-745244435B9A}.Release|Any CPU.Build.0 = Release|Any CPU
		{9D495E21-3000-40D0-8DD3-DF06C255D892}.Debug|Any CPU.ActiveCfg = Debug|Any CPU
		{9D495E21-3000-40D0-8DD3-DF06C255D892}.Debug|Any CPU.Build.0 = Debug|Any CPU
		{9D495E21-3000-40D0-8DD3-DF06C255D892}.Release|Any CPU.ActiveCfg = Release|Any CPU
		{9D495E21-3000-40D0-8DD3-DF06C255D892}.Release|Any CPU.Build.0 = Release|Any CPU
		{05856B5D-6772-4390-8482-09E202E887FE}.Debug|Any CPU.ActiveCfg = Debug|Any CPU
		{05856B5D-6772-4390-8482-09E202E887FE}.Debug|Any CPU.Build.0 = Debug|Any CPU
		{05856B5D-6772-4390-8482-09E202E887FE}.Release|Any CPU.ActiveCfg = Release|Any CPU
		{05856B5D-6772-4390-8482-09E202E887FE}.Release|Any CPU.Build.0 = Release|Any CPU
	EndGlobalSection
	GlobalSection(SolutionProperties) = preSolution
		HideSolutionNode = FALSE
	EndGlobalSection
	GlobalSection(NestedProjects) = preSolution
		{2973D1D7-8083-4354-91DE-786B8A52AF7F} = {CE45EBAE-7C21-4CC2-84C3-D727FB93418B}
		{5DE889D5-A890-4EED-9E91-A8F257C3899B} = {CE45EBAE-7C21-4CC2-84C3-D727FB93418B}
		{1C8DBB51-3FED-46B4-A693-D987BD8565D2} = {90B50770-C7E4-46DB-AC02-910646DD5827}
		{69A43890-6E32-4CED-A2D8-FD21ECC8FF73} = {90B50770-C7E4-46DB-AC02-910646DD5827}
		{1A8740DD-9EEC-431C-95D8-97968545614E} = {0F9D0A6D-EC60-4085-A7AD-EB3110FE2F64}
		{4B0170C5-27FB-438F-AF65-71444058068E} = {7F254995-FC95-4ED3-B3AF-3516705CBB84}
		{EA7D7232-D39D-40E3-9180-6E0B5E2EEF51} = {02EA681E-C7D8-13C7-8484-4AC65E1B71E8}
		{C6BD5EEE-9E45-4C35-977A-745244435B9A} = {9A7C8E42-7F80-4C5E-A12A-938047F179D9}
		{9D495E21-3000-40D0-8DD3-DF06C255D892} = {1233AE98-DA66-48FB-BA3B-CF389C30A12D}
		{05856B5D-6772-4390-8482-09E202E887FE} = {1233AE98-DA66-48FB-BA3B-CF389C30A12D}
	EndGlobalSection
	GlobalSection(ExtensibilityGlobals) = postSolution
		SolutionGuid = {CE8E8CB7-AF41-4EED-98AD-0CBFA452613C}
	EndGlobalSection
EndGlobal
