
Microsoft Visual Studio Solution File, Format Version 12.00
# Visual Studio Version 17
VisualStudioVersion = 17.12.35707.178
MinimumVisualStudioVersion = 10.0.40219.1
Project("{2150E333-8FDC-42A3-9474-1A3956D46DE8}") = "Core", "Core", "{42A70B62-5273-4918-B371-183F09F6C322}"
EndProject
Project("{FAE04EC0-301F-11D3-BF4B-00C04F79EFBC}") = "SGRH.Domain", "SGRH.Domain\SGRH.Domain.csproj", "{AD188F19-3546-4715-9F05-E7AA514AB9CE}"
EndProject
Project("{FAE04EC0-301F-11D3-BF4B-00C04F79EFBC}") = "SGRH.Model", "SGRH.Model\SGRH.Model.csproj", "{6A5E8890-CEC2-4124-94D8-3C87767B8BDC}"
EndProject
Project("{2150E333-8FDC-42A3-9474-1A3956D46DE8}") = "API", "API", "{7755721A-7059-4F56-B1AF-B18AF29EA786}"
EndProject
Project("{2150E333-8FDC-42A3-9474-1A3956D46DE8}") = "Application", "Application", "{88DD86D9-F574-4C01-9571-7F4D897F50F5}"
EndProject
Project("{2150E333-8FDC-42A3-9474-1A3956D46DE8}") = "Infraestructure", "Infraestructure", "{C6FA97D4-F162-48C4-9441-C89420037647}"
EndProject
Project("{2150E333-8FDC-42A3-9474-1A3956D46DE8}") = "IOC", "IOC", "{D427AA83-404C-499E-B97E-C5B6B0368345}"
EndProject
Project("{2150E333-8FDC-42A3-9474-1A3956D46DE8}") = "Test", "Test", "{F66F397D-98EA-4BA8-9FDD-92297C9C2F42}"
EndProject
Project("{2150E333-8FDC-42A3-9474-1A3956D46DE8}") = "Web", "Web", "{F6329C90-8105-4528-9471-B21FF3EA9816}"
EndProject
Project("{FAE04EC0-301F-11D3-BF4B-00C04F79EFBC}") = "SGRH.Infraestructure", "SGRH.Infraestructure\SGRH.Infraestructure.csproj", "{9DA40554-AB8C-4F05-80BF-3D67D85EE769}"
EndProject
Project("{FAE04EC0-301F-11D3-BF4B-00C04F79EFBC}") = "SGRH.Persistence", "SGRH.Persistence\SGRH.Persistence.csproj", "{54139294-7951-4E47-80F3-AFD1B27E0EDE}"
EndProject
Project("{FAE04EC0-301F-11D3-BF4B-00C04F79EFBC}") = "SGRH.Application", "SGRH.Application\SGRH.Application.csproj", "{89F07FCA-21A3-4A9D-B35A-BD3F34BA5652}"
EndProject
Project("{FAE04EC0-301F-11D3-BF4B-00C04F79EFBC}") = "SGRH.IOC", "SG.IOC\SGRH.IOC.csproj", "{51172BC1-7146-4C72-8BB2-A2543B8F77C7}"
EndProject
Project("{FAE04EC0-301F-11D3-BF4B-00C04F79EFBC}") = "SGRH.Api", "SGRH.Api\SGRH.Api.csproj", "{5EADCE44-9CFC-4A20-9D7F-2033480717EC}"
EndProject
Project("{FAE04EC0-301F-11D3-BF4B-00C04F79EFBC}") = "SGRH.Web", "SGRH.Web\SGRH.Web.csproj", "{B7DE8AEA-587D-4DCA-9CDB-C21E0B80A80E}"
EndProject
Project("{FAE04EC0-301F-11D3-BF4B-00C04F79EFBC}") = "SGRH.Application.Test", "SGRH.Application.Test\SGRH.Application.Test.csproj", "{633D609B-7A65-4B22-AA36-6EA5F9C65984}"
EndProject
Project("{FAE04EC0-301F-11D3-BF4B-00C04F79EFBC}") = "SGRH.Persistence.Test", "SGRH.Persistence.Test\SGRH.Persistence.Test.csproj", "{30E0875A-2081-4CAC-9069-4A0C611F4511}"
EndProject
Global
	GlobalSection(SolutionConfigurationPlatforms) = preSolution
		Debug|Any CPU = Debug|Any CPU
		Release|Any CPU = Release|Any CPU
	EndGlobalSection
	GlobalSection(ProjectConfigurationPlatforms) = postSolution
		{AD188F19-3546-4715-9F05-E7AA514AB9CE}.Debug|Any CPU.ActiveCfg = Debug|Any CPU
		{AD188F19-3546-4715-9F05-E7AA514AB9CE}.Debug|Any CPU.Build.0 = Debug|Any CPU
		{AD188F19-3546-4715-9F05-E7AA514AB9CE}.Release|Any CPU.ActiveCfg = Release|Any CPU
		{AD188F19-3546-4715-9F05-E7AA514AB9CE}.Release|Any CPU.Build.0 = Release|Any CPU
		{6A5E8890-CEC2-4124-94D8-3C87767B8BDC}.Debug|Any CPU.ActiveCfg = Debug|Any CPU
		{6A5E8890-CEC2-4124-94D8-3C87767B8BDC}.Debug|Any CPU.Build.0 = Debug|Any CPU
		{6A5E8890-CEC2-4124-94D8-3C87767B8BDC}.Release|Any CPU.ActiveCfg = Release|Any CPU
		{6A5E8890-CEC2-4124-94D8-3C87767B8BDC}.Release|Any CPU.Build.0 = Release|Any CPU
		{9DA40554-AB8C-4F05-80BF-3D67D85EE769}.Debug|Any CPU.ActiveCfg = Debug|Any CPU
		{9DA40554-AB8C-4F05-80BF-3D67D85EE769}.Debug|Any CPU.Build.0 = Debug|Any CPU
		{9DA40554-AB8C-4F05-80BF-3D67D85EE769}.Release|Any CPU.ActiveCfg = Release|Any CPU
		{9DA40554-AB8C-4F05-80BF-3D67D85EE769}.Release|Any CPU.Build.0 = Release|Any CPU
		{54139294-7951-4E47-80F3-AFD1B27E0EDE}.Debug|Any CPU.ActiveCfg = Debug|Any CPU
		{54139294-7951-4E47-80F3-AFD1B27E0EDE}.Debug|Any CPU.Build.0 = Debug|Any CPU
		{54139294-7951-4E47-80F3-AFD1B27E0EDE}.Release|Any CPU.ActiveCfg = Release|Any CPU
		{54139294-7951-4E47-80F3-AFD1B27E0EDE}.Release|Any CPU.Build.0 = Release|Any CPU
		{89F07FCA-21A3-4A9D-B35A-BD3F34BA5652}.Debug|Any CPU.ActiveCfg = Debug|Any CPU
		{89F07FCA-21A3-4A9D-B35A-BD3F34BA5652}.Debug|Any CPU.Build.0 = Debug|Any CPU
		{89F07FCA-21A3-4A9D-B35A-BD3F34BA5652}.Release|Any CPU.ActiveCfg = Release|Any CPU
		{89F07FCA-21A3-4A9D-B35A-BD3F34BA5652}.Release|Any CPU.Build.0 = Release|Any CPU
		{51172BC1-7146-4C72-8BB2-A2543B8F77C7}.Debug|Any CPU.ActiveCfg = Debug|Any CPU
		{51172BC1-7146-4C72-8BB2-A2543B8F77C7}.Debug|Any CPU.Build.0 = Debug|Any CPU
		{51172BC1-7146-4C72-8BB2-A2543B8F77C7}.Release|Any CPU.ActiveCfg = Release|Any CPU
		{51172BC1-7146-4C72-8BB2-A2543B8F77C7}.Release|Any CPU.Build.0 = Release|Any CPU
		{5EADCE44-9CFC-4A20-9D7F-2033480717EC}.Debug|Any CPU.ActiveCfg = Debug|Any CPU
		{5EADCE44-9CFC-4A20-9D7F-2033480717EC}.Debug|Any CPU.Build.0 = Debug|Any CPU
		{5EADCE44-9CFC-4A20-9D7F-2033480717EC}.Release|Any CPU.ActiveCfg = Release|Any CPU
		{5EADCE44-9CFC-4A20-9D7F-2033480717EC}.Release|Any CPU.Build.0 = Release|Any CPU
		{B7DE8AEA-587D-4DCA-9CDB-C21E0B80A80E}.Debug|Any CPU.ActiveCfg = Debug|Any CPU
		{B7DE8AEA-587D-4DCA-9CDB-C21E0B80A80E}.Debug|Any CPU.Build.0 = Debug|Any CPU
		{B7DE8AEA-587D-4DCA-9CDB-C21E0B80A80E}.Release|Any CPU.ActiveCfg = Release|Any CPU
		{B7DE8AEA-587D-4DCA-9CDB-C21E0B80A80E}.Release|Any CPU.Build.0 = Release|Any CPU
		{633D609B-7A65-4B22-AA36-6EA5F9C65984}.Debug|Any CPU.ActiveCfg = Debug|Any CPU
		{633D609B-7A65-4B22-AA36-6EA5F9C65984}.Debug|Any CPU.Build.0 = Debug|Any CPU
		{633D609B-7A65-4B22-AA36-6EA5F9C65984}.Release|Any CPU.ActiveCfg = Release|Any CPU
		{633D609B-7A65-4B22-AA36-6EA5F9C65984}.Release|Any CPU.Build.0 = Release|Any CPU
		{30E0875A-2081-4CAC-9069-4A0C611F4511}.Debug|Any CPU.ActiveCfg = Debug|Any CPU
		{30E0875A-2081-4CAC-9069-4A0C611F4511}.Debug|Any CPU.Build.0 = Debug|Any CPU
		{30E0875A-2081-4CAC-9069-4A0C611F4511}.Release|Any CPU.ActiveCfg = Release|Any CPU
		{30E0875A-2081-4CAC-9069-4A0C611F4511}.Release|Any CPU.Build.0 = Release|Any CPU
	EndGlobalSection
	GlobalSection(SolutionProperties) = preSolution
		HideSolutionNode = FALSE
	EndGlobalSection
	GlobalSection(NestedProjects) = preSolution
		{AD188F19-3546-4715-9F05-E7AA514AB9CE} = {42A70B62-5273-4918-B371-183F09F6C322}
		{6A5E8890-CEC2-4124-94D8-3C87767B8BDC} = {42A70B62-5273-4918-B371-183F09F6C322}
		{9DA40554-AB8C-4F05-80BF-3D67D85EE769} = {C6FA97D4-F162-48C4-9441-C89420037647}
		{54139294-7951-4E47-80F3-AFD1B27E0EDE} = {C6FA97D4-F162-48C4-9441-C89420037647}
		{89F07FCA-21A3-4A9D-B35A-BD3F34BA5652} = {88DD86D9-F574-4C01-9571-7F4D897F50F5}
		{51172BC1-7146-4C72-8BB2-A2543B8F77C7} = {D427AA83-404C-499E-B97E-C5B6B0368345}
		{5EADCE44-9CFC-4A20-9D7F-2033480717EC} = {7755721A-7059-4F56-B1AF-B18AF29EA786}
		{B7DE8AEA-587D-4DCA-9CDB-C21E0B80A80E} = {F6329C90-8105-4528-9471-B21FF3EA9816}
		{633D609B-7A65-4B22-AA36-6EA5F9C65984} = {F66F397D-98EA-4BA8-9FDD-92297C9C2F42}
		{30E0875A-2081-4CAC-9069-4A0C611F4511} = {F66F397D-98EA-4BA8-9FDD-92297C9C2F42}
	EndGlobalSection
	GlobalSection(ExtensibilityGlobals) = postSolution
		SolutionGuid = {CF110351-AD55-4F9C-8E0F-0B7A7229DA8A}
	EndGlobalSection
EndGlobal
